// !$*UTF8*$!
{
	archiveVersion = 1;
	classes = {
	};
	objectVersion = 56;
	objects = {

/* Begin PBXBuildFile section */
		F61E9AFB2B2CD5E600635EB9 /* BuddiApp.swift in Sources */ = {isa = PBXBuildFile; fileRef = F61E9AFA2B2CD5E600635EB9 /* BuddiApp.swift */; };
		F61E9AFD2B2CD5E600635EB9 /* HomeView.swift in Sources */ = {isa = PBXBuildFile; fileRef = F61E9AFC2B2CD5E600635EB9 /* HomeView.swift */; };
		F61E9AFF2B2CD5E700635EB9 /* Assets.xcassets in Resources */ = {isa = PBXBuildFile; fileRef = F61E9AFE2B2CD5E700635EB9 /* Assets.xcassets */; };
		F61E9B022B2CD5E700635EB9 /* Preview Assets.xcassets in Resources */ = {isa = PBXBuildFile; fileRef = F61E9B012B2CD5E700635EB9 /* Preview Assets.xcassets */; };
		F61E9B0C2B2CD74700635EB9 /* HomeViewModel.swift in Sources */ = {isa = PBXBuildFile; fileRef = F61E9B0B2B2CD74700635EB9 /* HomeViewModel.swift */; };
		F61E9B0E2B2CD75400635EB9 /* HomeModel.swift in Sources */ = {isa = PBXBuildFile; fileRef = F61E9B0D2B2CD75400635EB9 /* HomeModel.swift */; };
		F61E9B102B2CD95600635EB9 /* ListView.swift in Sources */ = {isa = PBXBuildFile; fileRef = F61E9B0F2B2CD95600635EB9 /* ListView.swift */; };
		F61E9B122B2CD96000635EB9 /* ListViewModel.swift in Sources */ = {isa = PBXBuildFile; fileRef = F61E9B112B2CD96000635EB9 /* ListViewModel.swift */; };
		F61E9B142B2CD96800635EB9 /* ListModel.swift in Sources */ = {isa = PBXBuildFile; fileRef = F61E9B132B2CD96800635EB9 /* ListModel.swift */; };
		F61E9B162B2CD97700635EB9 /* NoteView.swift in Sources */ = {isa = PBXBuildFile; fileRef = F61E9B152B2CD97700635EB9 /* NoteView.swift */; };
		F61E9B182B2CD97F00635EB9 /* NoteViewModel.swift in Sources */ = {isa = PBXBuildFile; fileRef = F61E9B172B2CD97F00635EB9 /* NoteViewModel.swift */; };
		F61E9B1A2B2CD99000635EB9 /* NoteModel.swift in Sources */ = {isa = PBXBuildFile; fileRef = F61E9B192B2CD99000635EB9 /* NoteModel.swift */; };
		F61E9B1C2B2CD99D00635EB9 /* SettingsView.swift in Sources */ = {isa = PBXBuildFile; fileRef = F61E9B1B2B2CD99D00635EB9 /* SettingsView.swift */; };
		F61E9B1E2B2CD9AC00635EB9 /* SettingsViewModel.swift in Sources */ = {isa = PBXBuildFile; fileRef = F61E9B1D2B2CD9AC00635EB9 /* SettingsViewModel.swift */; };
		F61E9B202B2CD9B300635EB9 /* SettingsModel.swift in Sources */ = {isa = PBXBuildFile; fileRef = F61E9B1F2B2CD9B300635EB9 /* SettingsModel.swift */; };
		F61E9B222B2CDA3000635EB9 /* BuddiListView.swift in Sources */ = {isa = PBXBuildFile; fileRef = F61E9B212B2CDA3000635EB9 /* BuddiListView.swift */; };
		F61E9B242B2CDA3B00635EB9 /* BuddiListViewModel.swift in Sources */ = {isa = PBXBuildFile; fileRef = F61E9B232B2CDA3B00635EB9 /* BuddiListViewModel.swift */; };
		F61E9B262B2CDA4500635EB9 /* BuddiListModel.swift in Sources */ = {isa = PBXBuildFile; fileRef = F61E9B252B2CDA4500635EB9 /* BuddiListModel.swift */; };
		F61E9B282B2CFB8100635EB9 /* TODO.rtf in Resources */ = {isa = PBXBuildFile; fileRef = F61E9B272B2CFB8100635EB9 /* TODO.rtf */; };
/* End PBXBuildFile section */

/* Begin PBXFileReference section */
		F61E9AF72B2CD5E600635EB9 /* Buddi.app */ = {isa = PBXFileReference; explicitFileType = wrapper.application; includeInIndex = 0; path = Buddi.app; sourceTree = BUILT_PRODUCTS_DIR; };
		F61E9AFA2B2CD5E600635EB9 /* BuddiApp.swift */ = {isa = PBXFileReference; lastKnownFileType = sourcecode.swift; path = BuddiApp.swift; sourceTree = "<group>"; };
		F61E9AFC2B2CD5E600635EB9 /* HomeView.swift */ = {isa = PBXFileReference; lastKnownFileType = sourcecode.swift; path = HomeView.swift; sourceTree = "<group>"; };
		F61E9AFE2B2CD5E700635EB9 /* Assets.xcassets */ = {isa = PBXFileReference; lastKnownFileType = folder.assetcatalog; path = Assets.xcassets; sourceTree = "<group>"; };
		F61E9B012B2CD5E700635EB9 /* Preview Assets.xcassets */ = {isa = PBXFileReference; lastKnownFileType = folder.assetcatalog; path = "Preview Assets.xcassets"; sourceTree = "<group>"; };
		F61E9B0B2B2CD74700635EB9 /* HomeViewModel.swift */ = {isa = PBXFileReference; lastKnownFileType = sourcecode.swift; path = HomeViewModel.swift; sourceTree = "<group>"; };
		F61E9B0D2B2CD75400635EB9 /* HomeModel.swift */ = {isa = PBXFileReference; lastKnownFileType = sourcecode.swift; path = HomeModel.swift; sourceTree = "<group>"; };
		F61E9B0F2B2CD95600635EB9 /* ListView.swift */ = {isa = PBXFileReference; lastKnownFileType = sourcecode.swift; path = ListView.swift; sourceTree = "<group>"; };
		F61E9B112B2CD96000635EB9 /* ListViewModel.swift */ = {isa = PBXFileReference; lastKnownFileType = sourcecode.swift; path = ListViewModel.swift; sourceTree = "<group>"; };
		F61E9B132B2CD96800635EB9 /* ListModel.swift */ = {isa = PBXFileReference; lastKnownFileType = sourcecode.swift; path = ListModel.swift; sourceTree = "<group>"; };
		F61E9B152B2CD97700635EB9 /* NoteView.swift */ = {isa = PBXFileReference; lastKnownFileType = sourcecode.swift; path = NoteView.swift; sourceTree = "<group>"; };
		F61E9B172B2CD97F00635EB9 /* NoteViewModel.swift */ = {isa = PBXFileReference; lastKnownFileType = sourcecode.swift; path = NoteViewModel.swift; sourceTree = "<group>"; };
		F61E9B192B2CD99000635EB9 /* NoteModel.swift */ = {isa = PBXFileReference; lastKnownFileType = sourcecode.swift; path = NoteModel.swift; sourceTree = "<group>"; };
		F61E9B1B2B2CD99D00635EB9 /* SettingsView.swift */ = {isa = PBXFileReference; lastKnownFileType = sourcecode.swift; path = SettingsView.swift; sourceTree = "<group>"; };
		F61E9B1D2B2CD9AC00635EB9 /* SettingsViewModel.swift */ = {isa = PBXFileReference; lastKnownFileType = sourcecode.swift; path = SettingsViewModel.swift; sourceTree = "<group>"; };
		F61E9B1F2B2CD9B300635EB9 /* SettingsModel.swift */ = {isa = PBXFileReference; lastKnownFileType = sourcecode.swift; path = SettingsModel.swift; sourceTree = "<group>"; };
		F61E9B212B2CDA3000635EB9 /* BuddiListView.swift */ = {isa = PBXFileReference; lastKnownFileType = sourcecode.swift; path = BuddiListView.swift; sourceTree = "<group>"; };
		F61E9B232B2CDA3B00635EB9 /* BuddiListViewModel.swift */ = {isa = PBXFileReference; lastKnownFileType = sourcecode.swift; path = BuddiListViewModel.swift; sourceTree = "<group>"; };
		F61E9B252B2CDA4500635EB9 /* BuddiListModel.swift */ = {isa = PBXFileReference; lastKnownFileType = sourcecode.swift; path = BuddiListModel.swift; sourceTree = "<group>"; };
		F61E9B272B2CFB8100635EB9 /* TODO.rtf */ = {isa = PBXFileReference; lastKnownFileType = text.rtf; path = TODO.rtf; sourceTree = "<group>"; };
/* End PBXFileReference section */

/* Begin PBXFrameworksBuildPhase section */
		F61E9AF42B2CD5E600635EB9 /* Frameworks */ = {
			isa = PBXFrameworksBuildPhase;
			buildActionMask = 2147483647;
			files = (
			);
			runOnlyForDeploymentPostprocessing = 0;
		};
/* End PBXFrameworksBuildPhase section */

/* Begin PBXGroup section */
		F61E9AEE2B2CD5E600635EB9 = {
			isa = PBXGroup;
			children = (
				F61E9B272B2CFB8100635EB9 /* TODO.rtf */,
				F61E9AF92B2CD5E600635EB9 /* Buddi */,
				F61E9AF82B2CD5E600635EB9 /* Products */,
			);
			sourceTree = "<group>";
		};
		F61E9AF82B2CD5E600635EB9 /* Products */ = {
			isa = PBXGroup;
			children = (
				F61E9AF72B2CD5E600635EB9 /* Buddi.app */,
			);
			name = Products;
			sourceTree = "<group>";
		};
		F61E9AF92B2CD5E600635EB9 /* Buddi */ = {
			isa = PBXGroup;
			children = (
				F61E9B0A2B2CD6FF00635EB9 /* Model */,
				F61E9B092B2CD6FA00635EB9 /* ViewModel */,
				F61E9B082B2CD6F400635EB9 /* View */,
				F61E9AFA2B2CD5E600635EB9 /* BuddiApp.swift */,
				F61E9AFE2B2CD5E700635EB9 /* Assets.xcassets */,
				F61E9B002B2CD5E700635EB9 /* Preview Content */,
			);
			path = Buddi;
			sourceTree = "<group>";
		};
		F61E9B002B2CD5E700635EB9 /* Preview Content */ = {
			isa = PBXGroup;
			children = (
				F61E9B012B2CD5E700635EB9 /* Preview Assets.xcassets */,
			);
			path = "Preview Content";
			sourceTree = "<group>";
		};
		F61E9B082B2CD6F400635EB9 /* View */ = {
			isa = PBXGroup;
			children = (
				F61E9AFC2B2CD5E600635EB9 /* HomeView.swift */,
				F61E9B0F2B2CD95600635EB9 /* ListView.swift */,
				F61E9B152B2CD97700635EB9 /* NoteView.swift */,
				F61E9B1B2B2CD99D00635EB9 /* SettingsView.swift */,
				F61E9B212B2CDA3000635EB9 /* BuddiListView.swift */,
			);
			path = View;
			sourceTree = "<group>";
		};
		F61E9B092B2CD6FA00635EB9 /* ViewModel */ = {
			isa = PBXGroup;
			children = (
				F61E9B0B2B2CD74700635EB9 /* HomeViewModel.swift */,
				F61E9B112B2CD96000635EB9 /* ListViewModel.swift */,
				F61E9B172B2CD97F00635EB9 /* NoteViewModel.swift */,
				F61E9B1D2B2CD9AC00635EB9 /* SettingsViewModel.swift */,
				F61E9B232B2CDA3B00635EB9 /* BuddiListViewModel.swift */,
			);
			path = ViewModel;
			sourceTree = "<group>";
		};
		F61E9B0A2B2CD6FF00635EB9 /* Model */ = {
			isa = PBXGroup;
			children = (
				F61E9B0D2B2CD75400635EB9 /* HomeModel.swift */,
				F61E9B132B2CD96800635EB9 /* ListModel.swift */,
				F61E9B192B2CD99000635EB9 /* NoteModel.swift */,
				F61E9B1F2B2CD9B300635EB9 /* SettingsModel.swift */,
				F61E9B252B2CDA4500635EB9 /* BuddiListModel.swift */,
			);
			path = Model;
			sourceTree = "<group>";
		};
/* End PBXGroup section */

/* Begin PBXNativeTarget section */
		F61E9AF62B2CD5E600635EB9 /* Buddi */ = {
			isa = PBXNativeTarget;
			buildConfigurationList = F61E9B052B2CD5E700635EB9 /* Build configuration list for PBXNativeTarget "Buddi" */;
			buildPhases = (
				F61E9AF32B2CD5E600635EB9 /* Sources */,
				F61E9AF42B2CD5E600635EB9 /* Frameworks */,
				F61E9AF52B2CD5E600635EB9 /* Resources */,
			);
			buildRules = (
			);
			dependencies = (
			);
			name = Buddi;
			productName = Buddi;
			productReference = F61E9AF72B2CD5E600635EB9 /* Buddi.app */;
			productType = "com.apple.product-type.application";
		};
/* End PBXNativeTarget section */

/* Begin PBXProject section */
		F61E9AEF2B2CD5E600635EB9 /* Project object */ = {
			isa = PBXProject;
			attributes = {
				BuildIndependentTargetsInParallel = 1;
				LastSwiftUpdateCheck = 1430;
				LastUpgradeCheck = 1430;
				TargetAttributes = {
					F61E9AF62B2CD5E600635EB9 = {
						CreatedOnToolsVersion = 14.3.1;
					};
				};
			};
			buildConfigurationList = F61E9AF22B2CD5E600635EB9 /* Build configuration list for PBXProject "Buddi" */;
			compatibilityVersion = "Xcode 14.0";
			developmentRegion = en;
			hasScannedForEncodings = 0;
			knownRegions = (
				en,
				Base,
			);
			mainGroup = F61E9AEE2B2CD5E600635EB9;
			productRefGroup = F61E9AF82B2CD5E600635EB9 /* Products */;
			projectDirPath = "";
			projectRoot = "";
			targets = (
				F61E9AF62B2CD5E600635EB9 /* Buddi */,
			);
		};
/* End PBXProject section */

/* Begin PBXResourcesBuildPhase section */
		F61E9AF52B2CD5E600635EB9 /* Resources */ = {
			isa = PBXResourcesBuildPhase;
			buildActionMask = 2147483647;
			files = (
				F61E9B022B2CD5E700635EB9 /* Preview Assets.xcassets in Resources */,
				F61E9AFF2B2CD5E700635EB9 /* Assets.xcassets in Resources */,
				F61E9B282B2CFB8100635EB9 /* TODO.rtf in Resources */,
			);
			runOnlyForDeploymentPostprocessing = 0;
		};
/* End PBXResourcesBuildPhase section */

/* Begin PBXSourcesBuildPhase section */
		F61E9AF32B2CD5E600635EB9 /* Sources */ = {
			isa = PBXSourcesBuildPhase;
			buildActionMask = 2147483647;
			files = (
				F61E9B0E2B2CD75400635EB9 /* HomeModel.swift in Sources */,
				F61E9B242B2CDA3B00635EB9 /* BuddiListViewModel.swift in Sources */,
				F61E9AFD2B2CD5E600635EB9 /* HomeView.swift in Sources */,
				F61E9B182B2CD97F00635EB9 /* NoteViewModel.swift in Sources */,
				F61E9B262B2CDA4500635EB9 /* BuddiListModel.swift in Sources */,
				F61E9B162B2CD97700635EB9 /* NoteView.swift in Sources */,
				F61E9B122B2CD96000635EB9 /* ListViewModel.swift in Sources */,
				F61E9B1A2B2CD99000635EB9 /* NoteModel.swift in Sources */,
				F61E9B102B2CD95600635EB9 /* ListView.swift in Sources */,
				F61E9B142B2CD96800635EB9 /* ListModel.swift in Sources */,
				F61E9B0C2B2CD74700635EB9 /* HomeViewModel.swift in Sources */,
				F61E9AFB2B2CD5E600635EB9 /* BuddiApp.swift in Sources */,
				F61E9B1C2B2CD99D00635EB9 /* SettingsView.swift in Sources */,
				F61E9B1E2B2CD9AC00635EB9 /* SettingsViewModel.swift in Sources */,
				F61E9B202B2CD9B300635EB9 /* SettingsModel.swift in Sources */,
				F61E9B222B2CDA3000635EB9 /* BuddiListView.swift in Sources */,
			);
			runOnlyForDeploymentPostprocessing = 0;
		};
/* End PBXSourcesBuildPhase section */

/* Begin XCBuildConfiguration section */
		F61E9B032B2CD5E700635EB9 /* Debug */ = {
			isa = XCBuildConfiguration;
			buildSettings = {
				ALWAYS_SEARCH_USER_PATHS = NO;
				CLANG_ANALYZER_NONNULL = YES;
				CLANG_ANALYZER_NUMBER_OBJECT_CONVERSION = YES_AGGRESSIVE;
				CLANG_CXX_LANGUAGE_STANDARD = "gnu++20";
				CLANG_ENABLE_MODULES = YES;
				CLANG_ENABLE_OBJC_ARC = YES;
				CLANG_ENABLE_OBJC_WEAK = YES;
				CLANG_WARN_BLOCK_CAPTURE_AUTORELEASING = YES;
				CLANG_WARN_BOOL_CONVERSION = YES;
				CLANG_WARN_COMMA = YES;
				CLANG_WARN_CONSTANT_CONVERSION = YES;
				CLANG_WARN_DEPRECATED_OBJC_IMPLEMENTATIONS = YES;
				CLANG_WARN_DIRECT_OBJC_ISA_USAGE = YES_ERROR;
				CLANG_WARN_DOCUMENTATION_COMMENTS = YES;
				CLANG_WARN_EMPTY_BODY = YES;
				CLANG_WARN_ENUM_CONVERSION = YES;
				CLANG_WARN_INFINITE_RECURSION = YES;
				CLANG_WARN_INT_CONVERSION = YES;
				CLANG_WARN_NON_LITERAL_NULL_CONVERSION = YES;
				CLANG_WARN_OBJC_IMPLICIT_RETAIN_SELF = YES;
				CLANG_WARN_OBJC_LITERAL_CONVERSION = YES;
				CLANG_WARN_OBJC_ROOT_CLASS = YES_ERROR;
				CLANG_WARN_QUOTED_INCLUDE_IN_FRAMEWORK_HEADER = YES;
				CLANG_WARN_RANGE_LOOP_ANALYSIS = YES;
				CLANG_WARN_STRICT_PROTOTYPES = YES;
				CLANG_WARN_SUSPICIOUS_MOVE = YES;
				CLANG_WARN_UNGUARDED_AVAILABILITY = YES_AGGRESSIVE;
				CLANG_WARN_UNREACHABLE_CODE = YES;
				CLANG_WARN__DUPLICATE_METHOD_MATCH = YES;
				COPY_PHASE_STRIP = NO;
				DEBUG_INFORMATION_FORMAT = dwarf;
				ENABLE_STRICT_OBJC_MSGSEND = YES;
				ENABLE_TESTABILITY = YES;
				GCC_C_LANGUAGE_STANDARD = gnu11;
				GCC_DYNAMIC_NO_PIC = NO;
				GCC_NO_COMMON_BLOCKS = YES;
				GCC_OPTIMIZATION_LEVEL = 0;
				GCC_PREPROCESSOR_DEFINITIONS = (
					"DEBUG=1",
					"$(inherited)",
				);
				GCC_WARN_64_TO_32_BIT_CONVERSION = YES;
				GCC_WARN_ABOUT_RETURN_TYPE = YES_ERROR;
				GCC_WARN_UNDECLARED_SELECTOR = YES;
				GCC_WARN_UNINITIALIZED_AUTOS = YES_AGGRESSIVE;
				GCC_WARN_UNUSED_FUNCTION = YES;
				GCC_WARN_UNUSED_VARIABLE = YES;
				IPHONEOS_DEPLOYMENT_TARGET = 16.4;
				MTL_ENABLE_DEBUG_INFO = INCLUDE_SOURCE;
				MTL_FAST_MATH = YES;
				ONLY_ACTIVE_ARCH = YES;
				SDKROOT = iphoneos;
				SWIFT_ACTIVE_COMPILATION_CONDITIONS = DEBUG;
				SWIFT_OPTIMIZATION_LEVEL = "-Onone";
			};
			name = Debug;
		};
		F61E9B042B2CD5E700635EB9 /* Release */ = {
			isa = XCBuildConfiguration;
			buildSettings = {
				ALWAYS_SEARCH_USER_PATHS = NO;
				CLANG_ANALYZER_NONNULL = YES;
				CLANG_ANALYZER_NUMBER_OBJECT_CONVERSION = YES_AGGRESSIVE;
				CLANG_CXX_LANGUAGE_STANDARD = "gnu++20";
				CLANG_ENABLE_MODULES = YES;
				CLANG_ENABLE_OBJC_ARC = YES;
				CLANG_ENABLE_OBJC_WEAK = YES;
				CLANG_WARN_BLOCK_CAPTURE_AUTORELEASING = YES;
				CLANG_WARN_BOOL_CONVERSION = YES;
				CLANG_WARN_COMMA = YES;
				CLANG_WARN_CONSTANT_CONVERSION = YES;
				CLANG_WARN_DEPRECATED_OBJC_IMPLEMENTATIONS = YES;
				CLANG_WARN_DIRECT_OBJC_ISA_USAGE = YES_ERROR;
				CLANG_WARN_DOCUMENTATION_COMMENTS = YES;
				CLANG_WARN_EMPTY_BODY = YES;
				CLANG_WARN_ENUM_CONVERSION = YES;
				CLANG_WARN_INFINITE_RECURSION = YES;
				CLANG_WARN_INT_CONVERSION = YES;
				CLANG_WARN_NON_LITERAL_NULL_CONVERSION = YES;
				CLANG_WARN_OBJC_IMPLICIT_RETAIN_SELF = YES;
				CLANG_WARN_OBJC_LITERAL_CONVERSION = YES;
				CLANG_WARN_OBJC_ROOT_CLASS = YES_ERROR;
				CLANG_WARN_QUOTED_INCLUDE_IN_FRAMEWORK_HEADER = YES;
				CLANG_WARN_RANGE_LOOP_ANALYSIS = YES;
				CLANG_WARN_STRICT_PROTOTYPES = YES;
				CLANG_WARN_SUSPICIOUS_MOVE = YES;
				CLANG_WARN_UNGUARDED_AVAILABILITY = YES_AGGRESSIVE;
				CLANG_WARN_UNREACHABLE_CODE = YES;
				CLANG_WARN__DUPLICATE_METHOD_MATCH = YES;
				COPY_PHASE_STRIP = NO;
				DEBUG_INFORMATION_FORMAT = "dwarf-with-dsym";
				ENABLE_NS_ASSERTIONS = NO;
				ENABLE_STRICT_OBJC_MSGSEND = YES;
				GCC_C_LANGUAGE_STANDARD = gnu11;
				GCC_NO_COMMON_BLOCKS = YES;
				GCC_WARN_64_TO_32_BIT_CONVERSION = YES;
				GCC_WARN_ABOUT_RETURN_TYPE = YES_ERROR;
				GCC_WARN_UNDECLARED_SELECTOR = YES;
				GCC_WARN_UNINITIALIZED_AUTOS = YES_AGGRESSIVE;
				GCC_WARN_UNUSED_FUNCTION = YES;
				GCC_WARN_UNUSED_VARIABLE = YES;
				IPHONEOS_DEPLOYMENT_TARGET = 16.4;
				MTL_ENABLE_DEBUG_INFO = NO;
				MTL_FAST_MATH = YES;
				SDKROOT = iphoneos;
				SWIFT_COMPILATION_MODE = wholemodule;
				SWIFT_OPTIMIZATION_LEVEL = "-O";
				VALIDATE_PRODUCT = YES;
			};
			name = Release;
		};
		F61E9B062B2CD5E700635EB9 /* Debug */ = {
			isa = XCBuildConfiguration;
			buildSettings = {
				ASSETCATALOG_COMPILER_APPICON_NAME = AppIcon;
				ASSETCATALOG_COMPILER_GLOBAL_ACCENT_COLOR_NAME = AccentColor;
				CODE_SIGN_STYLE = Automatic;
				CURRENT_PROJECT_VERSION = 1;
				DEVELOPMENT_ASSET_PATHS = "\"Buddi/Preview Content\"";
				DEVELOPMENT_TEAM = TW65Z2CGW7;
				ENABLE_PREVIEWS = YES;
				GENERATE_INFOPLIST_FILE = YES;
				INFOPLIST_KEY_UIApplicationSceneManifest_Generation = YES;
				INFOPLIST_KEY_UIApplicationSupportsIndirectInputEvents = YES;
				INFOPLIST_KEY_UILaunchScreen_Generation = YES;
				INFOPLIST_KEY_UISupportedInterfaceOrientations_iPad = "UIInterfaceOrientationPortrait UIInterfaceOrientationPortraitUpsideDown UIInterfaceOrientationLandscapeLeft UIInterfaceOrientationLandscapeRight";
				INFOPLIST_KEY_UISupportedInterfaceOrientations_iPhone = "UIInterfaceOrientationPortrait UIInterfaceOrientationLandscapeLeft UIInterfaceOrientationLandscapeRight";
				LD_RUNPATH_SEARCH_PATHS = (
					"$(inherited)",
					"@executable_path/Frameworks",
				);
				MARKETING_VERSION = 1.0;
				PRODUCT_BUNDLE_IDENTIFIER = com.kbapps.Buddi;
				PRODUCT_NAME = "$(TARGET_NAME)";
				SWIFT_EMIT_LOC_STRINGS = YES;
				SWIFT_VERSION = 5.0;
				TARGETED_DEVICE_FAMILY = "1,2";
			};
			name = Debug;
		};
		F61E9B072B2CD5E700635EB9 /* Release */ = {
			isa = XCBuildConfiguration;
			buildSettings = {
				ASSETCATALOG_COMPILER_APPICON_NAME = AppIcon;
				ASSETCATALOG_COMPILER_GLOBAL_ACCENT_COLOR_NAME = AccentColor;
				CODE_SIGN_STYLE = Automatic;
				CURRENT_PROJECT_VERSION = 1;
				DEVELOPMENT_ASSET_PATHS = "\"Buddi/Preview Content\"";
				DEVELOPMENT_TEAM = TW65Z2CGW7;
				ENABLE_PREVIEWS = YES;
				GENERATE_INFOPLIST_FILE = YES;
				INFOPLIST_KEY_UIApplicationSceneManifest_Generation = YES;
				INFOPLIST_KEY_UIApplicationSupportsIndirectInputEvents = YES;
				INFOPLIST_KEY_UILaunchScreen_Generation = YES;
				INFOPLIST_KEY_UISupportedInterfaceOrientations_iPad = "UIInterfaceOrientationPortrait UIInterfaceOrientationPortraitUpsideDown UIInterfaceOrientationLandscapeLeft UIInterfaceOrientationLandscapeRight";
				INFOPLIST_KEY_UISupportedInterfaceOrientations_iPhone = "UIInterfaceOrientationPortrait UIInterfaceOrientationLandscapeLeft UIInterfaceOrientationLandscapeRight";
				LD_RUNPATH_SEARCH_PATHS = (
					"$(inherited)",
					"@executable_path/Frameworks",
				);
				MARKETING_VERSION = 1.0;
				PRODUCT_BUNDLE_IDENTIFIER = com.kbapps.Buddi;
				PRODUCT_NAME = "$(TARGET_NAME)";
				SWIFT_EMIT_LOC_STRINGS = YES;
				SWIFT_VERSION = 5.0;
				TARGETED_DEVICE_FAMILY = "1,2";
			};
			name = Release;
		};
/* End XCBuildConfiguration section */

/* Begin XCConfigurationList section */
		F61E9AF22B2CD5E600635EB9 /* Build configuration list for PBXProject "Buddi" */ = {
			isa = XCConfigurationList;
			buildConfigurations = (
				F61E9B032B2CD5E700635EB9 /* Debug */,
				F61E9B042B2CD5E700635EB9 /* Release */,
			);
			defaultConfigurationIsVisible = 0;
			defaultConfigurationName = Release;
		};
		F61E9B052B2CD5E700635EB9 /* Build configuration list for PBXNativeTarget "Buddi" */ = {
			isa = XCConfigurationList;
			buildConfigurations = (
				F61E9B062B2CD5E700635EB9 /* Debug */,
				F61E9B072B2CD5E700635EB9 /* Release */,
			);
			defaultConfigurationIsVisible = 0;
			defaultConfigurationName = Release;
		};
/* End XCConfigurationList section */
	};
	rootObject = F61E9AEF2B2CD5E600635EB9 /* Project object */;
}
